github.com/BurntSushi/toml v1.4.1-0.20240526193622-a339e1f7089c h1:pxW6RcqyfI9/kWtOwnv/G+AzdKuy2ZrqINhenH4HyNs=
github.com/BurntSushi/toml v1.4.1-0.20240526193622-a339e1f7089c/go.mod h1:ukJfTF/6rtPPRCnwkur4qwRxa8vTRFBF0uk2lLoLwho=
github.com/creachadair/atomicfile v0.3.8 h1:PyMIBZHZunTF+2+OSJCUg4XWO9nh6NwIacUBtF6tdg8=
github.com/creachadair/atomicfile v0.3.8/go.mod h1:oZrfNyYdwMjCD+eKNqsnPmdnQ54z4ujOoYvNTZyuJ2A=
github.com/creachadair/command v0.1.22 h1:WmdrURwZdmPD1jm13SjKooaMoqo7mW1qI2BPCShs154=
github.com/creachadair/command v0.1.22/go.mod h1:YFc+OMGucqTpxwQg/iJnNg8BMNmRPDK60rYy8ckgKwE=
github.com/creachadair/flax v0.0.5 h1:zt+CRuXQASxwQ68e9GHAOnEgAU29nF0zYMHOCrL5wzE=
github.com/creachadair/flax v0.0.5/go.mod h1:F1PML0JZLXSNDMNiRGK2yjm5f+L9QCHchyHBldFymj8=
github.com/creachadair/getpass v0.2.2 h1:I4fWMhF+nbVcq3m2Y2HHaIVqbH+jO7LTF2GjytTkJ/0=
github.com/creachadair/getpass v0.2.2/go.mod h1:fZoXvQkFFHwcSrPD994O37YDfmIM80Ywoip4c5whCM0=
github.com/creachadair/mds v0.24.2 h1:J3EUS8nUP33t8XZ8N5SqNtOVQFHJ4ntz0MjesASbU3Y=
github.com/creachadair/mds v0.24.2/go.mod h1:ArfS0vPHoLV/SzuIzoqTEZfoYmac7n9Cj8XPANHocvw=
github.com/creachadair/otp v0.5.0 h1:q3Th7CXm2zlmCdBjw5tEPFOj4oWJMnVL5HXlq0sNKS0=
github.com/creachadair/otp v0.5.0/go.mod h1:0kceI87EnYFNYSTL121goJVAnk3eJhaed9H0nMuJUkA=
github.com/creachadair/wirepb v0.0.0-20241211162510-f7f2e8a40ddc h1:eEmY60ZlUMsvNX1AiVR6WdVY5b+WhAATf3opftu6LP0=
github.com/creachadair/wirepb v0.0.0-20241211162510-f7f2e8a40ddc/go.mod h1:dHvCVZSsk3Y/fhY0mUex0U2XBZszomOe7PzlghOtHnQ=
github.com/fsnotify/fsnotify v1.9.0 h1:2Ml+OJNzbYCTzsxtv8vKSFD9PbJjmhYF14k/jKC7S9k=
github.com/fsnotify/fsnotify v1.9.0/go.mod h1:8jBTzvmWwFyi3Pb8djgCCO5IBqzKJ/Jwo8TRcHyHii0=
github.com/google/go-cmp v0.7.0 h1:wk8382ETsv4JYUZwIsn6YpYiWiBsYLSJiTsyBybVuN8=
github.com/google/go-cmp v0.7.0/go.mod h1:pXiqmnSA92OHEEa9HXL2W4E7lf9JzCmGVUdgjX3N/iU=
golang.org/x/crypto v0.37.0 h1:kJNSjF/Xp7kU0iB2Z+9viTPMW4EqqsrywMXLJOOsXSE=
golang.org/x/crypto v0.37.0/go.mod h1:vg+k43peMZ0pUMhYmVAWysMK35e6ioLh3wB8ZCAfbVc=
golang.org/x/exp/typeparams v0.0.0-20231108232855-2478ac86f678 h1:1P7xPZEwZMoBoz0Yze5Nx2/4pxj6nw9ZqHWXqP0iRgQ=
golang.org/x/exp/typeparams v0.0.0-20231108232855-2478ac86f678/go.mod h1:AbB0pIl9nAr9wVwH+Z2ZpaocVmF5I4GyWCDIsVjR0bk=
golang.org/x/mod v0.17.0 h1:zY54UmvipHiNd+pm+m0x9KhZ9hl1/7QNMyxXbc6ICqA=
golang.org/x/mod v0.17.0/go.mod h1:hTbmBsO62+eylJbnUtE2MGJUyE7QWk4xUqPFrRgJ+7c=
golang.org/x/sync v0.7.0 h1:YsImfSBoP9QPYL0xyKJPq0gcaJdG3rInoqxTWbfQu9M=
golang.org/x/sync v0.7.0/go.mod h1:Czt+wKu1gCyEFDUtn0jG5QVvpJ6rzVqr5aXyt9drQfk=
golang.org/x/sys v0.32.0 h1:s77OFDvIQeibCmezSnk/q6iAfkdiQaJi4VzroCFrN20=
golang.org/x/sys v0.32.0/go.mod h1:BJP2sWEmIv4KK5OTEluFJCKSidICx8ciO85XgH3Ak8k=
golang.org/x/term v0.31.0 h1:erwDkOK1Msy6offm1mOgvspSkslFnIGsFnxOKoufg3o=
golang.org/x/term v0.31.0/go.mod h1:R4BeIy7D95HzImkxGkTW1UQTtP54tio2RyHz7PwK0aw=
golang.org/x/tools v0.21.1-0.20240531212143-b6235391adb3 h1:SHq4Rl+B7WvyM4XODon1LXtP7gcG49+7Jubt1gWWswY=
golang.org/x/tools v0.21.1-0.20240531212143-b6235391adb3/go.mod h1:bqv7PJ/TtlrzgJKhOAGdDUkUltQapRik/UEHubLVBWo=
gopkg.in/check.v1 v0.0.0-20161208181325-20d25e280405 h1:yhCVgyC4o1eVCa2tZl7eS0r+SDo693bJlVdllGtEeKM=
gopkg.in/check.v1 v0.0.0-20161208181325-20d25e280405/go.mod h1:Co6ibVJAznAaIkqp8huTwlJQCZ016jof/cbN4VW5Yz0=
gopkg.in/yaml.v3 v3.0.1 h1:fxVm/GzAzEWqLHuvctI91KS9hhNmmWOoWu0XTYJS7CA=
gopkg.in/yaml.v3 v3.0.1/go.mod h1:K4uyk7z7BCEPqu6E+C64Yfv1cQ7kz7rIZviUmN+EgEM=
honnef.co/go/tools v0.5.1 h1:4bH5o3b5ZULQ4UrBmP+63W9r7qIkqJClEA9ko5YKx+I=
honnef.co/go/tools v0.5.1/go.mod h1:e9irvo83WDG9/irijV44wr3tbhcFeRnfpVlRqVwpzMs=
